
Microsoft Visual Studio Solution File, Format Version 12.00
# Visual Studio Version 16
VisualStudioVersion = 16.0.30717.126
MinimumVisualStudioVersion = 10.0.40219.1
Project("{9A19103F-16F7-4668-BE54-9A1E7A4F7556}") = "RazorPager", "Src\RazorPager.csproj", "{8F6CA0A4-1A46-4AA4-AF8E-F821E8366F57}"
EndProject
Project("{9A19103F-16F7-4668-BE54-9A1E7A4F7556}") = "Samples", "Samples\Samples.csproj", "{4F0120AC-57DE-4DE4-A444-F0BFC6BCA3FF}"
EndProject
Global
	GlobalSection(SolutionConfigurationPlatforms) = preSolution
		Debug|Any CPU = Debug|Any CPU
		Release|Any CPU = Release|Any CPU
	EndGlobalSection
	GlobalSection(ProjectConfigurationPlatforms) = postSolution
		{8F6CA0A4-1A46-4AA4-AF8E-F821E8366F57}.Debug|Any CPU.ActiveCfg = Debug|Any CPU
		{8F6CA0A4-1A46-4AA4-AF8E-F821E8366F57}.Debug|Any CPU.Build.0 = Debug|Any CPU
		{8F6CA0A4-1A46-4AA4-AF8E-F821E8366F57}.Release|Any CPU.ActiveCfg = Release|Any CPU
		{8F6CA0A4-1A46-4AA4-AF8E-F821E8366F57}.Release|Any CPU.Build.0 = Release|Any CPU
		{4F0120AC-57DE-4DE4-A444-F0BFC6BCA3FF}.Debug|Any CPU.ActiveCfg = Debug|Any CPU
		{4F0120AC-57DE-4DE4-A444-F0BFC6BCA3FF}.Debug|Any CPU.Build.0 = Debug|Any CPU
		{4F0120AC-57DE-4DE4-A444-F0BFC6BCA3FF}.Release|Any CPU.ActiveCfg = Release|Any CPU
		{4F0120AC-57DE-4DE4-A444-F0BFC6BCA3FF}.Release|Any CPU.Build.0 = Release|Any CPU
	EndGlobalSection
	GlobalSection(SolutionProperties) = preSolution
		HideSolutionNode = FALSE
	EndGlobalSection
	GlobalSection(ExtensibilityGlobals) = postSolution
		SolutionGuid = {0B86759E-2CBA-4DBB-97A2-9AD593436E83}
	EndGlobalSection
EndGlobal
